
Microsoft Visual Studio Solution File, Format Version 11.00
# Visual Studio 2010
Project("{FAE04EC0-301F-11D3-BF4B-00C04F79EFBC}") = "FarseerUnity", "FarseerUnity\FarseerUnity.csproj", "{121A4148-6247-46C9-8E62-499A9612B647}"
EndProject
Project("{FAE04EC0-301F-11D3-BF4B-00C04F79EFBC}") = "FarseerUnityTest", "FarseerUnityTest\FarseerUnityTest.csproj", "{942E806D-6B87-4196-9231-906D55894A95}"
EndProject
Global
	GlobalSection(SolutionConfigurationPlatforms) = preSolution
		Debug|Any CPU = Debug|Any CPU
		Release|Any CPU = Release|Any CPU
	EndGlobalSection
	GlobalSection(ProjectConfigurationPlatforms) = postSolution
		{121A4148-6247-46C9-8E62-499A9612B647}.Debug|Any CPU.ActiveCfg = Debug|Any CPU
		{121A4148-6247-46C9-8E62-499A9612B647}.Debug|Any CPU.Build.0 = Debug|Any CPU
		{121A4148-6247-46C9-8E62-499A9612B647}.Release|Any CPU.ActiveCfg = Release|Any CPU
		{121A4148-6247-46C9-8E62-499A9612B647}.Release|Any CPU.Build.0 = Release|Any CPU
		{942E806D-6B87-4196-9231-906D55894A95}.Debug|Any CPU.ActiveCfg = Debug|Any CPU
		{942E806D-6B87-4196-9231-906D55894A95}.Debug|Any CPU.Build.0 = Debug|Any CPU
		{942E806D-6B87-4196-9231-906D55894A95}.Release|Any CPU.ActiveCfg = Release|Any CPU
		{942E806D-6B87-4196-9231-906D55894A95}.Release|Any CPU.Build.0 = Release|Any CPU
	EndGlobalSection
	GlobalSection(MonoDevelopProperties) = preSolution
		StartupItem = FarseerUnityTest\FarseerUnityTest.csproj
	EndGlobalSection
EndGlobal
